dependencies:
- name: cloudnative-pg
  repository: https://cloudnative-pg.github.io/charts
  version: 0.29.0
- name: nack
  repository: https://nats-io.github.io/k8s/helm/charts
  version: 0.34.0
- name: rustfs-operator
  repository: https://operator.rustfs.com
  version: 0.0.5
digest: sha256:ae841011fd6184ea41c66bec6f36e29d920e2b391bb6825a6719c3877ce51c7a
generated: "2026-08-04T20:45:43.785749+10:00"
